
Microsoft Visual Studio Solution File, Format Version 12.00
# Visual Studio Version 17
VisualStudioVersion = 17.6.33829.357
MinimumVisualStudioVersion = 10.0.40219.1
Project("{FAE04EC0-301F-11D3-BF4B-00C04F79EFBC}") = "aula72", "aula72.csproj", "{5EE775B3-0B7F-4959-A342-D1BE535E9FED}"
EndProject
Global
	GlobalSection(SolutionConfigurationPlatforms) = preSolution
		Debug|Any CPU = Debug|Any CPU
		Release|Any CPU = Release|Any CPU
	EndGlobalSection
	GlobalSection(ProjectConfigurationPlatforms) = postSolution
		{5EE775B3-0B7F-4959-A342-D1BE535E9FED}.Debug|Any CPU.ActiveCfg = Debug|Any CPU
		{5EE775B3-0B7F-4959-A342-D1BE535E9FED}.Debug|Any CPU.Build.0 = Debug|Any CPU
		{5EE775B3-0B7F-4959-A342-D1BE535E9FED}.Release|Any CPU.ActiveCfg = Release|Any CPU
		{5EE775B3-0B7F-4959-A342-D1BE535E9FED}.Release|Any CPU.Build.0 = Release|Any CPU
	EndGlobalSection
	GlobalSection(SolutionProperties) = preSolution
		HideSolutionNode = FALSE
	EndGlobalSection
	GlobalSection(ExtensibilityGlobals) = postSolution
		SolutionGuid = {A6FFB45A-290E-4482-BC81-805E3FB7DD27}
	EndGlobalSection
EndGlobal
