
Microsoft Visual Studio Solution File, Format Version 12.00
# Visual Studio Version 17
VisualStudioVersion = 17.6.33829.357
MinimumVisualStudioVersion = 10.0.40219.1
Project("{FAE04EC0-301F-11D3-BF4B-00C04F79EFBC}") = "aula81", "aula81.csproj", "{42F89E48-3405-4685-A074-93D5E3825439}"
EndProject
Global
	GlobalSection(SolutionConfigurationPlatforms) = preSolution
		Debug|Any CPU = Debug|Any CPU
		Release|Any CPU = Release|Any CPU
	EndGlobalSection
	GlobalSection(ProjectConfigurationPlatforms) = postSolution
		{42F89E48-3405-4685-A074-93D5E3825439}.Debug|Any CPU.ActiveCfg = Debug|Any CPU
		{42F89E48-3405-4685-A074-93D5E3825439}.Debug|Any CPU.Build.0 = Debug|Any CPU
		{42F89E48-3405-4685-A074-93D5E3825439}.Release|Any CPU.ActiveCfg = Release|Any CPU
		{42F89E48-3405-4685-A074-93D5E3825439}.Release|Any CPU.Build.0 = Release|Any CPU
	EndGlobalSection
	GlobalSection(SolutionProperties) = preSolution
		HideSolutionNode = FALSE
	EndGlobalSection
	GlobalSection(ExtensibilityGlobals) = postSolution
		SolutionGuid = {5EB016D7-0353-42AD-A891-B6F853E8F5E3}
	EndGlobalSection
EndGlobal
