
Microsoft Visual Studio Solution File, Format Version 12.00
# Visual Studio Version 17
VisualStudioVersion = 17.6.33829.357
MinimumVisualStudioVersion = 10.0.40219.1
Project("{FAE04EC0-301F-11D3-BF4B-00C04F79EFBC}") = "aula75", "aula75.csproj", "{FF800968-FE9D-45CB-AEBD-CBDB4DB70C84}"
EndProject
Global
	GlobalSection(SolutionConfigurationPlatforms) = preSolution
		Debug|Any CPU = Debug|Any CPU
		Release|Any CPU = Release|Any CPU
	EndGlobalSection
	GlobalSection(ProjectConfigurationPlatforms) = postSolution
		{FF800968-FE9D-45CB-AEBD-CBDB4DB70C84}.Debug|Any CPU.ActiveCfg = Debug|Any CPU
		{FF800968-FE9D-45CB-AEBD-CBDB4DB70C84}.Debug|Any CPU.Build.0 = Debug|Any CPU
		{FF800968-FE9D-45CB-AEBD-CBDB4DB70C84}.Release|Any CPU.ActiveCfg = Release|Any CPU
		{FF800968-FE9D-45CB-AEBD-CBDB4DB70C84}.Release|Any CPU.Build.0 = Release|Any CPU
	EndGlobalSection
	GlobalSection(SolutionProperties) = preSolution
		HideSolutionNode = FALSE
	EndGlobalSection
	GlobalSection(ExtensibilityGlobals) = postSolution
		SolutionGuid = {CE6D9A78-B06F-4EFA-9A4A-F204C333052C}
	EndGlobalSection
EndGlobal
