
Microsoft Visual Studio Solution File, Format Version 12.00
# Visual Studio Version 17
VisualStudioVersion = 17.5.33516.290
MinimumVisualStudioVersion = 10.0.40219.1
Project("{FAE04EC0-301F-11D3-BF4B-00C04F79EFBC}") = "aula47", "aula47.csproj", "{DEB2212F-C767-4125-92FA-4F116A03162F}"
EndProject
Global
	GlobalSection(SolutionConfigurationPlatforms) = preSolution
		Debug|Any CPU = Debug|Any CPU
		Release|Any CPU = Release|Any CPU
	EndGlobalSection
	GlobalSection(ProjectConfigurationPlatforms) = postSolution
		{DEB2212F-C767-4125-92FA-4F116A03162F}.Debug|Any CPU.ActiveCfg = Debug|Any CPU
		{DEB2212F-C767-4125-92FA-4F116A03162F}.Debug|Any CPU.Build.0 = Debug|Any CPU
		{DEB2212F-C767-4125-92FA-4F116A03162F}.Release|Any CPU.ActiveCfg = Release|Any CPU
		{DEB2212F-C767-4125-92FA-4F116A03162F}.Release|Any CPU.Build.0 = Release|Any CPU
	EndGlobalSection
	GlobalSection(SolutionProperties) = preSolution
		HideSolutionNode = FALSE
	EndGlobalSection
	GlobalSection(ExtensibilityGlobals) = postSolution
		SolutionGuid = {05DF45F6-634F-4172-A67E-3865C4D01785}
	EndGlobalSection
EndGlobal
