
Microsoft Visual Studio Solution File, Format Version 12.00
# Visual Studio Version 17
VisualStudioVersion = 17.6.33829.357
MinimumVisualStudioVersion = 10.0.40219.1
Project("{FAE04EC0-301F-11D3-BF4B-00C04F79EFBC}") = "aula71", "aula71.csproj", "{43222785-FC73-43CB-B537-C391FE19A108}"
EndProject
Global
	GlobalSection(SolutionConfigurationPlatforms) = preSolution
		Debug|Any CPU = Debug|Any CPU
		Release|Any CPU = Release|Any CPU
	EndGlobalSection
	GlobalSection(ProjectConfigurationPlatforms) = postSolution
		{43222785-FC73-43CB-B537-C391FE19A108}.Debug|Any CPU.ActiveCfg = Debug|Any CPU
		{43222785-FC73-43CB-B537-C391FE19A108}.Debug|Any CPU.Build.0 = Debug|Any CPU
		{43222785-FC73-43CB-B537-C391FE19A108}.Release|Any CPU.ActiveCfg = Release|Any CPU
		{43222785-FC73-43CB-B537-C391FE19A108}.Release|Any CPU.Build.0 = Release|Any CPU
	EndGlobalSection
	GlobalSection(SolutionProperties) = preSolution
		HideSolutionNode = FALSE
	EndGlobalSection
	GlobalSection(ExtensibilityGlobals) = postSolution
		SolutionGuid = {BF4EABE7-9B2F-4D52-97AA-2E69C39F9D22}
	EndGlobalSection
EndGlobal
